
Microsoft Visual Studio Solution File, Format Version 12.00
# Visual Studio Version 17
VisualStudioVersion = 17.6.33829.357
MinimumVisualStudioVersion = 10.0.40219.1
Project("{FAE04EC0-301F-11D3-BF4B-00C04F79EFBC}") = "CurrencyExchangeCrud", "CurrencyExchangeCrud.csproj", "{58F68FB0-608E-423C-941F-7F07A1E6B769}"
EndProject
Global
	GlobalSection(SolutionConfigurationPlatforms) = preSolution
		Debug|Any CPU = Debug|Any CPU
		Release|Any CPU = Release|Any CPU
	EndGlobalSection
	GlobalSection(ProjectConfigurationPlatforms) = postSolution
		{58F68FB0-608E-423C-941F-7F07A1E6B769}.Debug|Any CPU.ActiveCfg = Debug|Any CPU
		{58F68FB0-608E-423C-941F-7F07A1E6B769}.Debug|Any CPU.Build.0 = Debug|Any CPU
		{58F68FB0-608E-423C-941F-7F07A1E6B769}.Release|Any CPU.ActiveCfg = Release|Any CPU
		{58F68FB0-608E-423C-941F-7F07A1E6B769}.Release|Any CPU.Build.0 = Release|Any CPU
	EndGlobalSection
	GlobalSection(SolutionProperties) = preSolution
		HideSolutionNode = FALSE
	EndGlobalSection
	GlobalSection(ExtensibilityGlobals) = postSolution
		SolutionGuid = {60954799-10BB-47BF-8661-54ACDD5E3981}
	EndGlobalSection
EndGlobal
